// !$*UTF8*$!
{
	archiveVersion = 1;
	classes = {
	};
	objectVersion = 50;
	objects = {

/* Begin PBXBuildFile section */
		18EF2EEC2302F15E00188057 /* AppDelegate.swift in Sources */ = {isa = PBXBuildFile; fileRef = 18EF2EEB2302F15E00188057 /* AppDelegate.swift */; };
		18EF2EF12302F15E00188057 /* Main.storyboard in Resources */ = {isa = PBXBuildFile; fileRef = 18EF2EEF2302F15E00188057 /* Main.storyboard */; };
		18EF2EF42302F15E00188057 /* What_To_Do.xcdatamodeld in Sources */ = {isa = PBXBuildFile; fileRef = 18EF2EF22302F15E00188057 /* What_To_Do.xcdatamodeld */; };
		18EF2EF62302F16000188057 /* Assets.xcassets in Resources */ = {isa = PBXBuildFile; fileRef = 18EF2EF52302F16000188057 /* Assets.xcassets */; };
		18EF2EF92302F16000188057 /* LaunchScreen.storyboard in Resources */ = {isa = PBXBuildFile; fileRef = 18EF2EF72302F16000188057 /* LaunchScreen.storyboard */; };
		18EF2F042302F16000188057 /* What_To_DoTests.swift in Sources */ = {isa = PBXBuildFile; fileRef = 18EF2F032302F16000188057 /* What_To_DoTests.swift */; };
		18EF2F0F2302F16000188057 /* What_To_DoUITests.swift in Sources */ = {isa = PBXBuildFile; fileRef = 18EF2F0E2302F16000188057 /* What_To_DoUITests.swift */; };
/* End PBXBuildFile section */

/* Begin PBXContainerItemProxy section */
		18EF2F002302F16000188057 /* PBXContainerItemProxy */ = {
			isa = PBXContainerItemProxy;
			containerPortal = 18EF2EE02302F15D00188057 /* Project object */;
			proxyType = 1;
			remoteGlobalIDString = 18EF2EE72302F15D00188057;
			remoteInfo = "What To Do";
		};
		18EF2F0B2302F16000188057 /* PBXContainerItemProxy */ = {
			isa = PBXContainerItemProxy;
			containerPortal = 18EF2EE02302F15D00188057 /* Project object */;
			proxyType = 1;
			remoteGlobalIDString = 18EF2EE72302F15D00188057;
			remoteInfo = "What To Do";
		};
/* End PBXContainerItemProxy section */

/* Begin PBXFileReference section */
		18EF2EE82302F15D00188057 /* What To Do.app */ = {isa = PBXFileReference; explicitFileType = wrapper.application; includeInIndex = 0; path = "What To Do.app"; sourceTree = BUILT_PRODUCTS_DIR; };
		18EF2EEB2302F15E00188057 /* AppDelegate.swift */ = {isa = PBXFileReference; lastKnownFileType = sourcecode.swift; path = AppDelegate.swift; sourceTree = "<group>"; };
		18EF2EF02302F15E00188057 /* Base */ = {isa = PBXFileReference; lastKnownFileType = file.storyboard; name = Base; path = Base.lproj/Main.storyboard; sourceTree = "<group>"; };
		18EF2EF32302F15E00188057 /* What_To_Do.xcdatamodel */ = {isa = PBXFileReference; lastKnownFileType = wrapper.xcdatamodel; path = What_To_Do.xcdatamodel; sourceTree = "<group>"; };
		18EF2EF52302F16000188057 /* Assets.xcassets */ = {isa = PBXFileReference; lastKnownFileType = folder.assetcatalog; path = Assets.xcassets; sourceTree = "<group>"; };
		18EF2EF82302F16000188057 /* Base */ = {isa = PBXFileReference; lastKnownFileType = file.storyboard; name = Base; path = Base.lproj/LaunchScreen.storyboard; sourceTree = "<group>"; };
		18EF2EFA2302F16000188057 /* Info.plist */ = {isa = PBXFileReference; lastKnownFileType = text.plist.xml; path = Info.plist; sourceTree = "<group>"; };
		18EF2EFF2302F16000188057 /* What To DoTests.xctest */ = {isa = PBXFileReference; explicitFileType = wrapper.cfbundle; includeInIndex = 0; path = "What To DoTests.xctest"; sourceTree = BUILT_PRODUCTS_DIR; };
		18EF2F032302F16000188057 /* What_To_DoTests.swift */ = {isa = PBXFileReference; lastKnownFileType = sourcecode.swift; path = What_To_DoTests.swift; sourceTree = "<group>"; };
		18EF2F052302F16000188057 /* Info.plist */ = {isa = PBXFileReference; lastKnownFileType = text.plist.xml; path = Info.plist; sourceTree = "<group>"; };
		18EF2F0A2302F16000188057 /* What To DoUITests.xctest */ = {isa = PBXFileReference; explicitFileType = wrapper.cfbundle; includeInIndex = 0; path = "What To DoUITests.xctest"; sourceTree = BUILT_PRODUCTS_DIR; };
		18EF2F0E2302F16000188057 /* What_To_DoUITests.swift */ = {isa = PBXFileReference; lastKnownFileType = sourcecode.swift; path = What_To_DoUITests.swift; sourceTree = "<group>"; };
		18EF2F102302F16000188057 /* Info.plist */ = {isa = PBXFileReference; lastKnownFileType = text.plist.xml; path = Info.plist; sourceTree = "<group>"; };
/* End PBXFileReference section */

/* Begin PBXFrameworksBuildPhase section */
		18EF2EE52302F15D00188057 /* Frameworks */ = {
			isa = PBXFrameworksBuildPhase;
			buildActionMask = 2147483647;
			files = (
			);
			runOnlyForDeploymentPostprocessing = 0;
		};
		18EF2EFC2302F16000188057 /* Frameworks */ = {
			isa = PBXFrameworksBuildPhase;
			buildActionMask = 2147483647;
			files = (
			);
			runOnlyForDeploymentPostprocessing = 0;
		};
		18EF2F072302F16000188057 /* Frameworks */ = {
			isa = PBXFrameworksBuildPhase;
			buildActionMask = 2147483647;
			files = (
			);
			runOnlyForDeploymentPostprocessing = 0;
		};
/* End PBXFrameworksBuildPhase section */

/* Begin PBXGroup section */
		18EF2EDF2302F15D00188057 = {
			isa = PBXGroup;
			children = (
				18EF2EEA2302F15D00188057 /* What To Do */,
				18EF2F022302F16000188057 /* What To DoTests */,
				18EF2F0D2302F16000188057 /* What To DoUITests */,
				18EF2EE92302F15D00188057 /* Products */,
			);
			sourceTree = "<group>";
		};
		18EF2EE92302F15D00188057 /* Products */ = {
			isa = PBXGroup;
			children = (
				18EF2EE82302F15D00188057 /* What To Do.app */,
				18EF2EFF2302F16000188057 /* What To DoTests.xctest */,
				18EF2F0A2302F16000188057 /* What To DoUITests.xctest */,
			);
			name = Products;
			sourceTree = "<group>";
		};
		18EF2EEA2302F15D00188057 /* What To Do */ = {
			isa = PBXGroup;
			children = (
				18EF2EEB2302F15E00188057 /* AppDelegate.swift */,
				18EF2EEF2302F15E00188057 /* Main.storyboard */,
				18EF2EF52302F16000188057 /* Assets.xcassets */,
				18EF2EF72302F16000188057 /* LaunchScreen.storyboard */,
				18EF2EFA2302F16000188057 /* Info.plist */,
				18EF2EF22302F15E00188057 /* What_To_Do.xcdatamodeld */,
			);
			path = "What To Do";
			sourceTree = "<group>";
		};
		18EF2F022302F16000188057 /* What To DoTests */ = {
			isa = PBXGroup;
			children = (
				18EF2F032302F16000188057 /* What_To_DoTests.swift */,
				18EF2F052302F16000188057 /* Info.plist */,
			);
			path = "What To DoTests";
			sourceTree = "<group>";
		};
		18EF2F0D2302F16000188057 /* What To DoUITests */ = {
			isa = PBXGroup;
			children = (
				18EF2F0E2302F16000188057 /* What_To_DoUITests.swift */,
				18EF2F102302F16000188057 /* Info.plist */,
			);
			path = "What To DoUITests";
			sourceTree = "<group>";
		};
/* End PBXGroup section */

/* Begin PBXNativeTarget section */
		18EF2EE72302F15D00188057 /* What To Do */ = {
			isa = PBXNativeTarget;
			buildConfigurationList = 18EF2F132302F16000188057 /* Build configuration list for PBXNativeTarget "What To Do" */;
			buildPhases = (
				18EF2EE42302F15D00188057 /* Sources */,
				18EF2EE52302F15D00188057 /* Frameworks */,
				18EF2EE62302F15D00188057 /* Resources */,
			);
			buildRules = (
			);
			dependencies = (
			);
			name = "What To Do";
			productName = "What To Do";
			productReference = 18EF2EE82302F15D00188057 /* What To Do.app */;
			productType = "com.apple.product-type.application";
		};
		18EF2EFE2302F16000188057 /* What To DoTests */ = {
			isa = PBXNativeTarget;
			buildConfigurationList = 18EF2F162302F16000188057 /* Build configuration list for PBXNativeTarget "What To DoTests" */;
			buildPhases = (
				18EF2EFB2302F16000188057 /* Sources */,
				18EF2EFC2302F16000188057 /* Frameworks */,
				18EF2EFD2302F16000188057 /* Resources */,
			);
			buildRules = (
			);
			dependencies = (
				18EF2F012302F16000188057 /* PBXTargetDependency */,
			);
			name = "What To DoTests";
			productName = "What To DoTests";
			productReference = 18EF2EFF2302F16000188057 /* What To DoTests.xctest */;
			productType = "com.apple.product-type.bundle.unit-test";
		};
		18EF2F092302F16000188057 /* What To DoUITests */ = {
			isa = PBXNativeTarget;
			buildConfigurationList = 18EF2F192302F16000188057 /* Build configuration list for PBXNativeTarget "What To DoUITests" */;
			buildPhases = (
				18EF2F062302F16000188057 /* Sources */,
				18EF2F072302F16000188057 /* Frameworks */,
				18EF2F082302F16000188057 /* Resources */,
			);
			buildRules = (
			);
			dependencies = (
				18EF2F0C2302F16000188057 /* PBXTargetDependency */,
			);
			name = "What To DoUITests";
			productName = "What To DoUITests";
			productReference = 18EF2F0A2302F16000188057 /* What To DoUITests.xctest */;
			productType = "com.apple.product-type.bundle.ui-testing";
		};
/* End PBXNativeTarget section */

/* Begin PBXProject section */
		18EF2EE02302F15D00188057 /* Project object */ = {
			isa = PBXProject;
			attributes = {
				LastSwiftUpdateCheck = 1020;
				LastUpgradeCheck = 1020;
				ORGANIZATIONNAME = KWK;
				TargetAttributes = {
					18EF2EE72302F15D00188057 = {
						CreatedOnToolsVersion = 10.2.1;
					};
					18EF2EFE2302F16000188057 = {
						CreatedOnToolsVersion = 10.2.1;
						TestTargetID = 18EF2EE72302F15D00188057;
					};
					18EF2F092302F16000188057 = {
						CreatedOnToolsVersion = 10.2.1;
						TestTargetID = 18EF2EE72302F15D00188057;
					};
				};
			};
			buildConfigurationList = 18EF2EE32302F15D00188057 /* Build configuration list for PBXProject "What To Do" */;
			compatibilityVersion = "Xcode 9.3";
			developmentRegion = en;
			hasScannedForEncodings = 0;
			knownRegions = (
				en,
				Base,
			);
			mainGroup = 18EF2EDF2302F15D00188057;
			productRefGroup = 18EF2EE92302F15D00188057 /* Products */;
			projectDirPath = "";
			projectRoot = "";
			targets = (
				18EF2EE72302F15D00188057 /* What To Do */,
				18EF2EFE2302F16000188057 /* What To DoTests */,
				18EF2F092302F16000188057 /* What To DoUITests */,
			);
		};
/* End PBXProject section */

/* Begin PBXResourcesBuildPhase section */
		18EF2EE62302F15D00188057 /* Resources */ = {
			isa = PBXResourcesBuildPhase;
			buildActionMask = 2147483647;
			files = (
				18EF2EF92302F16000188057 /* LaunchScreen.storyboard in Resources */,
				18EF2EF62302F16000188057 /* Assets.xcassets in Resources */,
				18EF2EF12302F15E00188057 /* Main.storyboard in Resources */,
			);
			runOnlyForDeploymentPostprocessing = 0;
		};
		18EF2EFD2302F16000188057 /* Resources */ = {
			isa = PBXResourcesBuildPhase;
			buildActionMask = 2147483647;
			files = (
			);
			runOnlyForDeploymentPostprocessing = 0;
		};
		18EF2F082302F16000188057 /* Resources */ = {
			isa = PBXResourcesBuildPhase;
			buildActionMask = 2147483647;
			files = (
			);
			runOnlyForDeploymentPostprocessing = 0;
		};
/* End PBXResourcesBuildPhase section */

/* Begin PBXSourcesBuildPhase section */
		18EF2EE42302F15D00188057 /* Sources */ = {
			isa = PBXSourcesBuildPhase;
			buildActionMask = 2147483647;
			files = (
				18EF2EF42302F15E00188057 /* What_To_Do.xcdatamodeld in Sources */,
				18EF2EEC2302F15E00188057 /* AppDelegate.swift in Sources */,
			);
			runOnlyForDeploymentPostprocessing = 0;
		};
		18EF2EFB2302F16000188057 /* Sources */ = {
			isa = PBXSourcesBuildPhase;
			buildActionMask = 2147483647;
			files = (
				18EF2F042302F16000188057 /* What_To_DoTests.swift in Sources */,
			);
			runOnlyForDeploymentPostprocessing = 0;
		};
		18EF2F062302F16000188057 /* Sources */ = {
			isa = PBXSourcesBuildPhase;
			buildActionMask = 2147483647;
			files = (
				18EF2F0F2302F16000188057 /* What_To_DoUITests.swift in Sources */,
			);
			runOnlyForDeploymentPostprocessing = 0;
		};
/* End PBXSourcesBuildPhase section */

/* Begin PBXTargetDependency section */
		18EF2F012302F16000188057 /* PBXTargetDependency */ = {
			isa = PBXTargetDependency;
			target = 18EF2EE72302F15D00188057 /* What To Do */;
			targetProxy = 18EF2F002302F16000188057 /* PBXContainerItemProxy */;
		};
		18EF2F0C2302F16000188057 /* PBXTargetDependency */ = {
			isa = PBXTargetDependency;
			target = 18EF2EE72302F15D00188057 /* What To Do */;
			targetProxy = 18EF2F0B2302F16000188057 /* PBXContainerItemProxy */;
		};
/* End PBXTargetDependency section */

/* Begin PBXVariantGroup section */
		18EF2EEF2302F15E00188057 /* Main.storyboard */ = {
			isa = PBXVariantGroup;
			children = (
				18EF2EF02302F15E00188057 /* Base */,
			);
			name = Main.storyboard;
			sourceTree = "<group>";
		};
		18EF2EF72302F16000188057 /* LaunchScreen.storyboard */ = {
			isa = PBXVariantGroup;
			children = (
				18EF2EF82302F16000188057 /* Base */,
			);
			name = LaunchScreen.storyboard;
			sourceTree = "<group>";
		};
/* End PBXVariantGroup section */

/* Begin XCBuildConfiguration section */
		18EF2F112302F16000188057 /* Debug */ = {
			isa = XCBuildConfiguration;
			buildSettings = {
				ALWAYS_SEARCH_USER_PATHS = NO;
				CLANG_ANALYZER_NONNULL = YES;
				CLANG_ANALYZER_NUMBER_OBJECT_CONVERSION = YES_AGGRESSIVE;
				CLANG_CXX_LANGUAGE_STANDARD = "gnu++14";
				CLANG_CXX_LIBRARY = "libc++";
				CLANG_ENABLE_MODULES = YES;
				CLANG_ENABLE_OBJC_ARC = YES;
				CLANG_ENABLE_OBJC_WEAK = YES;
				CLANG_WARN_BLOCK_CAPTURE_AUTORELEASING = YES;
				CLANG_WARN_BOOL_CONVERSION = YES;
				CLANG_WARN_COMMA = YES;
				CLANG_WARN_CONSTANT_CONVERSION = YES;
				CLANG_WARN_DEPRECATED_OBJC_IMPLEMENTATIONS = YES;
				CLANG_WARN_DIRECT_OBJC_ISA_USAGE = YES_ERROR;
				CLANG_WARN_DOCUMENTATION_COMMENTS = YES;
				CLANG_WARN_EMPTY_BODY = YES;
				CLANG_WARN_ENUM_CONVERSION = YES;
				CLANG_WARN_INFINITE_RECURSION = YES;
				CLANG_WARN_INT_CONVERSION = YES;
				CLANG_WARN_NON_LITERAL_NULL_CONVERSION = YES;
				CLANG_WARN_OBJC_IMPLICIT_RETAIN_SELF = YES;
				CLANG_WARN_OBJC_LITERAL_CONVERSION = YES;
				CLANG_WARN_OBJC_ROOT_CLASS = YES_ERROR;
				CLANG_WARN_RANGE_LOOP_ANALYSIS = YES;
				CLANG_WARN_STRICT_PROTOTYPES = YES;
				CLANG_WARN_SUSPICIOUS_MOVE = YES;
				CLANG_WARN_UNGUARDED_AVAILABILITY = YES_AGGRESSIVE;
				CLANG_WARN_UNREACHABLE_CODE = YES;
				CLANG_WARN__DUPLICATE_METHOD_MATCH = YES;
				CODE_SIGN_IDENTITY = "iPhone Developer";
				COPY_PHASE_STRIP = NO;
				DEBUG_INFORMATION_FORMAT = dwarf;
				ENABLE_STRICT_OBJC_MSGSEND = YES;
				ENABLE_TESTABILITY = YES;
				GCC_C_LANGUAGE_STANDARD = gnu11;
				GCC_DYNAMIC_NO_PIC = NO;
				GCC_NO_COMMON_BLOCKS = YES;
				GCC_OPTIMIZATION_LEVEL = 0;
				GCC_PREPROCESSOR_DEFINITIONS = (
					"DEBUG=1",
					"$(inherited)",
				);
				GCC_WARN_64_TO_32_BIT_CONVERSION = YES;
				GCC_WARN_ABOUT_RETURN_TYPE = YES_ERROR;
				GCC_WARN_UNDECLARED_SELECTOR = YES;
				GCC_WARN_UNINITIALIZED_AUTOS = YES_AGGRESSIVE;
				GCC_WARN_UNUSED_FUNCTION = YES;
				GCC_WARN_UNUSED_VARIABLE = YES;
				IPHONEOS_DEPLOYMENT_TARGET = 12.2;
				MTL_ENABLE_DEBUG_INFO = INCLUDE_SOURCE;
				MTL_FAST_MATH = YES;
				ONLY_ACTIVE_ARCH = YES;
				SDKROOT = iphoneos;
				SWIFT_ACTIVE_COMPILATION_CONDITIONS = DEBUG;
				SWIFT_OPTIMIZATION_LEVEL = "-Onone";
			};
			name = Debug;
		};
		18EF2F122302F16000188057 /* Release */ = {
			isa = XCBuildConfiguration;
			buildSettings = {
				ALWAYS_SEARCH_USER_PATHS = NO;
				CLANG_ANALYZER_NONNULL = YES;
				CLANG_ANALYZER_NUMBER_OBJECT_CONVERSION = YES_AGGRESSIVE;
				CLANG_CXX_LANGUAGE_STANDARD = "gnu++14";
				CLANG_CXX_LIBRARY = "libc++";
				CLANG_ENABLE_MODULES = YES;
				CLANG_ENABLE_OBJC_ARC = YES;
				CLANG_ENABLE_OBJC_WEAK = YES;
				CLANG_WARN_BLOCK_CAPTURE_AUTORELEASING = YES;
				CLANG_WARN_BOOL_CONVERSION = YES;
				CLANG_WARN_COMMA = YES;
				CLANG_WARN_CONSTANT_CONVERSION = YES;
				CLANG_WARN_DEPRECATED_OBJC_IMPLEMENTATIONS = YES;
				CLANG_WARN_DIRECT_OBJC_ISA_USAGE = YES_ERROR;
				CLANG_WARN_DOCUMENTATION_COMMENTS = YES;
				CLANG_WARN_EMPTY_BODY = YES;
				CLANG_WARN_ENUM_CONVERSION = YES;
				CLANG_WARN_INFINITE_RECURSION = YES;
				CLANG_WARN_INT_CONVERSION = YES;
				CLANG_WARN_NON_LITERAL_NULL_CONVERSION = YES;
				CLANG_WARN_OBJC_IMPLICIT_RETAIN_SELF = YES;
				CLANG_WARN_OBJC_LITERAL_CONVERSION = YES;
				CLANG_WARN_OBJC_ROOT_CLASS = YES_ERROR;
				CLANG_WARN_RANGE_LOOP_ANALYSIS = YES;
				CLANG_WARN_STRICT_PROTOTYPES = YES;
				CLANG_WARN_SUSPICIOUS_MOVE = YES;
				CLANG_WARN_UNGUARDED_AVAILABILITY = YES_AGGRESSIVE;
				CLANG_WARN_UNREACHABLE_CODE = YES;
				CLANG_WARN__DUPLICATE_METHOD_MATCH = YES;
				CODE_SIGN_IDENTITY = "iPhone Developer";
				COPY_PHASE_STRIP = NO;
				DEBUG_INFORMATION_FORMAT = "dwarf-with-dsym";
				ENABLE_NS_ASSERTIONS = NO;
				ENABLE_STRICT_OBJC_MSGSEND = YES;
				GCC_C_LANGUAGE_STANDARD = gnu11;
				GCC_NO_COMMON_BLOCKS = YES;
				GCC_WARN_64_TO_32_BIT_CONVERSION = YES;
				GCC_WARN_ABOUT_RETURN_TYPE = YES_ERROR;
				GCC_WARN_UNDECLARED_SELECTOR = YES;
				GCC_WARN_UNINITIALIZED_AUTOS = YES_AGGRESSIVE;
				GCC_WARN_UNUSED_FUNCTION = YES;
				GCC_WARN_UNUSED_VARIABLE = YES;
				IPHONEOS_DEPLOYMENT_TARGET = 12.2;
				MTL_ENABLE_DEBUG_INFO = NO;
				MTL_FAST_MATH = YES;
				SDKROOT = iphoneos;
				SWIFT_COMPILATION_MODE = wholemodule;
				SWIFT_OPTIMIZATION_LEVEL = "-O";
				VALIDATE_PRODUCT = YES;
			};
			name = Release;
		};
		18EF2F142302F16000188057 /* Debug */ = {
			isa = XCBuildConfiguration;
			buildSettings = {
				ASSETCATALOG_COMPILER_APPICON_NAME = AppIcon;
				CODE_SIGN_STYLE = Automatic;
				INFOPLIST_FILE = "What To Do/Info.plist";
				LD_RUNPATH_SEARCH_PATHS = (
					"$(inherited)",
					"@executable_path/Frameworks",
				);
				PRODUCT_BUNDLE_IDENTIFIER = "Zena.What-To-Do";
				PRODUCT_NAME = "$(TARGET_NAME)";
				SWIFT_VERSION = 5.0;
				TARGETED_DEVICE_FAMILY = "1,2";
			};
			name = Debug;
		};
		18EF2F152302F16000188057 /* Release */ = {
			isa = XCBuildConfiguration;
			buildSettings = {
				ASSETCATALOG_COMPILER_APPICON_NAME = AppIcon;
				CODE_SIGN_STYLE = Automatic;
				INFOPLIST_FILE = "What To Do/Info.plist";
				LD_RUNPATH_SEARCH_PATHS = (
					"$(inherited)",
					"@executable_path/Frameworks",
				);
				PRODUCT_BUNDLE_IDENTIFIER = "Zena.What-To-Do";
				PRODUCT_NAME = "$(TARGET_NAME)";
				SWIFT_VERSION = 5.0;
				TARGETED_DEVICE_FAMILY = "1,2";
			};
			name = Release;
		};
		18EF2F172302F16000188057 /* Debug */ = {
			isa = XCBuildConfiguration;
			buildSettings = {
				ALWAYS_EMBED_SWIFT_STANDARD_LIBRARIES = YES;
				BUNDLE_LOADER = "$(TEST_HOST)";
				CODE_SIGN_STYLE = Automatic;
				INFOPLIST_FILE = "What To DoTests/Info.plist";
				LD_RUNPATH_SEARCH_PATHS = (
					"$(inherited)",
					"@executable_path/Frameworks",
					"@loader_path/Frameworks",
				);
				PRODUCT_BUNDLE_IDENTIFIER = "Zena.What-To-DoTests";
				PRODUCT_NAME = "$(TARGET_NAME)";
				SWIFT_VERSION = 5.0;
				TARGETED_DEVICE_FAMILY = "1,2";
				TEST_HOST = "$(BUILT_PRODUCTS_DIR)/What To Do.app/What To Do";
			};
			name = Debug;
		};
		18EF2F182302F16000188057 /* Release */ = {
			isa = XCBuildConfiguration;
			buildSettings = {
				ALWAYS_EMBED_SWIFT_STANDARD_LIBRARIES = YES;
				BUNDLE_LOADER = "$(TEST_HOST)";
				CODE_SIGN_STYLE = Automatic;
				INFOPLIST_FILE = "What To DoTests/Info.plist";
				LD_RUNPATH_SEARCH_PATHS = (
					"$(inherited)",
					"@executable_path/Frameworks",
					"@loader_path/Frameworks",
				);
				PRODUCT_BUNDLE_IDENTIFIER = "Zena.What-To-DoTests";
				PRODUCT_NAME = "$(TARGET_NAME)";
				SWIFT_VERSION = 5.0;
				TARGETED_DEVICE_FAMILY = "1,2";
				TEST_HOST = "$(BUILT_PRODUCTS_DIR)/What To Do.app/What To Do";
			};
			name = Release;
		};
		18EF2F1A2302F16000188057 /* Debug */ = {
			isa = XCBuildConfiguration;
			buildSettings = {
				ALWAYS_EMBED_SWIFT_STANDARD_LIBRARIES = YES;
				CODE_SIGN_STYLE = Automatic;
				INFOPLIST_FILE = "What To DoUITests/Info.plist";
				LD_RUNPATH_SEARCH_PATHS = (
					"$(inherited)",
					"@executable_path/Frameworks",
					"@loader_path/Frameworks",
				);
				PRODUCT_BUNDLE_IDENTIFIER = "Zena.What-To-DoUITests";
				PRODUCT_NAME = "$(TARGET_NAME)";
				SWIFT_VERSION = 5.0;
				TARGETED_DEVICE_FAMILY = "1,2";
				TEST_TARGET_NAME = "What To Do";
			};
			name = Debug;
		};
		18EF2F1B2302F16000188057 /* Release */ = {
			isa = XCBuildConfiguration;
			buildSettings = {
				ALWAYS_EMBED_SWIFT_STANDARD_LIBRARIES = YES;
				CODE_SIGN_STYLE = Automatic;
				INFOPLIST_FILE = "What To DoUITests/Info.plist";
				LD_RUNPATH_SEARCH_PATHS = (
					"$(inherited)",
					"@executable_path/Frameworks",
					"@loader_path/Frameworks",
				);
				PRODUCT_BUNDLE_IDENTIFIER = "Zena.What-To-DoUITests";
				PRODUCT_NAME = "$(TARGET_NAME)";
				SWIFT_VERSION = 5.0;
				TARGETED_DEVICE_FAMILY = "1,2";
				TEST_TARGET_NAME = "What To Do";
			};
			name = Release;
		};
/* End XCBuildConfiguration section */

/* Begin XCConfigurationList section */
		18EF2EE32302F15D00188057 /* Build configuration list for PBXProject "What To Do" */ = {
			isa = XCConfigurationList;
			buildConfigurations = (
				18EF2F112302F16000188057 /* Debug */,
				18EF2F122302F16000188057 /* Release */,
			);
			defaultConfigurationIsVisible = 0;
			defaultConfigurationName = Release;
		};
		18EF2F132302F16000188057 /* Build configuration list for PBXNativeTarget "What To Do" */ = {
			isa = XCConfigurationList;
			buildConfigurations = (
				18EF2F142302F16000188057 /* Debug */,
				18EF2F152302F16000188057 /* Release */,
			);
			defaultConfigurationIsVisible = 0;
			defaultConfigurationName = Release;
		};
		18EF2F162302F16000188057 /* Build configuration list for PBXNativeTarget "What To DoTests" */ = {
			isa = XCConfigurationList;
			buildConfigurations = (
				18EF2F172302F16000188057 /* Debug */,
				18EF2F182302F16000188057 /* Release */,
			);
			defaultConfigurationIsVisible = 0;
			defaultConfigurationName = Release;
		};
		18EF2F192302F16000188057 /* Build configuration list for PBXNativeTarget "What To DoUITests" */ = {
			isa = XCConfigurationList;
			buildConfigurations = (
				18EF2F1A2302F16000188057 /* Debug */,
				18EF2F1B2302F16000188057 /* Release */,
			);
			defaultConfigurationIsVisible = 0;
			defaultConfigurationName = Release;
		};
/* End XCConfigurationList section */

/* Begin XCVersionGroup section */
		18EF2EF22302F15E00188057 /* What_To_Do.xcdatamodeld */ = {
			isa = XCVersionGroup;
			children = (
				18EF2EF32302F15E00188057 /* What_To_Do.xcdatamodel */,
			);
			currentVersion = 18EF2EF32302F15E00188057 /* What_To_Do.xcdatamodel */;
			path = What_To_Do.xcdatamodeld;
			sourceTree = "<group>";
			versionGroupType = wrapper.xcdatamodel;
		};
/* End XCVersionGroup section */
	};
	rootObject = 18EF2EE02302F15D00188057 /* Project object */;
}
