// !$*UTF8*$!
{
	archiveVersion = 1;
	classes = {
	};
	objectVersion = 50;
	objects = {

/* Begin PBXBuildFile section */
		18EEBF6C22FC6CB200FEAFAA /* AppDelegate.swift in Sources */ = {isa = PBXBuildFile; fileRef = 18EEBF6B22FC6CB200FEAFAA /* AppDelegate.swift */; };
		18EEBF6E22FC6CB200FEAFAA /* ViewController.swift in Sources */ = {isa = PBXBuildFile; fileRef = 18EEBF6D22FC6CB200FEAFAA /* ViewController.swift */; };
		18EEBF7122FC6CB200FEAFAA /* Main.storyboard in Resources */ = {isa = PBXBuildFile; fileRef = 18EEBF6F22FC6CB200FEAFAA /* Main.storyboard */; };
		18EEBF7322FC6CB500FEAFAA /* Assets.xcassets in Resources */ = {isa = PBXBuildFile; fileRef = 18EEBF7222FC6CB500FEAFAA /* Assets.xcassets */; };
		18EEBF7622FC6CB500FEAFAA /* LaunchScreen.storyboard in Resources */ = {isa = PBXBuildFile; fileRef = 18EEBF7422FC6CB500FEAFAA /* LaunchScreen.storyboard */; };
		18EEBF8122FC6CB500FEAFAA /* storyboardTests.swift in Sources */ = {isa = PBXBuildFile; fileRef = 18EEBF8022FC6CB500FEAFAA /* storyboardTests.swift */; };
		18EEBF8C22FC6CB500FEAFAA /* storyboardUITests.swift in Sources */ = {isa = PBXBuildFile; fileRef = 18EEBF8B22FC6CB500FEAFAA /* storyboardUITests.swift */; };
/* End PBXBuildFile section */

/* Begin PBXContainerItemProxy section */
		18EEBF7D22FC6CB500FEAFAA /* PBXContainerItemProxy */ = {
			isa = PBXContainerItemProxy;
			containerPortal = 18EEBF6022FC6CB200FEAFAA /* Project object */;
			proxyType = 1;
			remoteGlobalIDString = 18EEBF6722FC6CB200FEAFAA;
			remoteInfo = storyboard;
		};
		18EEBF8822FC6CB500FEAFAA /* PBXContainerItemProxy */ = {
			isa = PBXContainerItemProxy;
			containerPortal = 18EEBF6022FC6CB200FEAFAA /* Project object */;
			proxyType = 1;
			remoteGlobalIDString = 18EEBF6722FC6CB200FEAFAA;
			remoteInfo = storyboard;
		};
/* End PBXContainerItemProxy section */

/* Begin PBXFileReference section */
		18EEBF6822FC6CB200FEAFAA /* storyboard.app */ = {isa = PBXFileReference; explicitFileType = wrapper.application; includeInIndex = 0; path = storyboard.app; sourceTree = BUILT_PRODUCTS_DIR; };
		18EEBF6B22FC6CB200FEAFAA /* AppDelegate.swift */ = {isa = PBXFileReference; lastKnownFileType = sourcecode.swift; path = AppDelegate.swift; sourceTree = "<group>"; };
		18EEBF6D22FC6CB200FEAFAA /* ViewController.swift */ = {isa = PBXFileReference; lastKnownFileType = sourcecode.swift; path = ViewController.swift; sourceTree = "<group>"; };
		18EEBF7022FC6CB200FEAFAA /* Base */ = {isa = PBXFileReference; lastKnownFileType = file.storyboard; name = Base; path = Base.lproj/Main.storyboard; sourceTree = "<group>"; };
		18EEBF7222FC6CB500FEAFAA /* Assets.xcassets */ = {isa = PBXFileReference; lastKnownFileType = folder.assetcatalog; path = Assets.xcassets; sourceTree = "<group>"; };
		18EEBF7522FC6CB500FEAFAA /* Base */ = {isa = PBXFileReference; lastKnownFileType = file.storyboard; name = Base; path = Base.lproj/LaunchScreen.storyboard; sourceTree = "<group>"; };
		18EEBF7722FC6CB500FEAFAA /* Info.plist */ = {isa = PBXFileReference; lastKnownFileType = text.plist.xml; path = Info.plist; sourceTree = "<group>"; };
		18EEBF7C22FC6CB500FEAFAA /* storyboardTests.xctest */ = {isa = PBXFileReference; explicitFileType = wrapper.cfbundle; includeInIndex = 0; path = storyboardTests.xctest; sourceTree = BUILT_PRODUCTS_DIR; };
		18EEBF8022FC6CB500FEAFAA /* storyboardTests.swift */ = {isa = PBXFileReference; lastKnownFileType = sourcecode.swift; path = storyboardTests.swift; sourceTree = "<group>"; };
		18EEBF8222FC6CB500FEAFAA /* Info.plist */ = {isa = PBXFileReference; lastKnownFileType = text.plist.xml; path = Info.plist; sourceTree = "<group>"; };
		18EEBF8722FC6CB500FEAFAA /* storyboardUITests.xctest */ = {isa = PBXFileReference; explicitFileType = wrapper.cfbundle; includeInIndex = 0; path = storyboardUITests.xctest; sourceTree = BUILT_PRODUCTS_DIR; };
		18EEBF8B22FC6CB500FEAFAA /* storyboardUITests.swift */ = {isa = PBXFileReference; lastKnownFileType = sourcecode.swift; path = storyboardUITests.swift; sourceTree = "<group>"; };
		18EEBF8D22FC6CB500FEAFAA /* Info.plist */ = {isa = PBXFileReference; lastKnownFileType = text.plist.xml; path = Info.plist; sourceTree = "<group>"; };
/* End PBXFileReference section */

/* Begin PBXFrameworksBuildPhase section */
		18EEBF6522FC6CB200FEAFAA /* Frameworks */ = {
			isa = PBXFrameworksBuildPhase;
			buildActionMask = 2147483647;
			files = (
			);
			runOnlyForDeploymentPostprocessing = 0;
		};
		18EEBF7922FC6CB500FEAFAA /* Frameworks */ = {
			isa = PBXFrameworksBuildPhase;
			buildActionMask = 2147483647;
			files = (
			);
			runOnlyForDeploymentPostprocessing = 0;
		};
		18EEBF8422FC6CB500FEAFAA /* Frameworks */ = {
			isa = PBXFrameworksBuildPhase;
			buildActionMask = 2147483647;
			files = (
			);
			runOnlyForDeploymentPostprocessing = 0;
		};
/* End PBXFrameworksBuildPhase section */

/* Begin PBXGroup section */
		18EEBF5F22FC6CB200FEAFAA = {
			isa = PBXGroup;
			children = (
				18EEBF6A22FC6CB200FEAFAA /* storyboard */,
				18EEBF7F22FC6CB500FEAFAA /* storyboardTests */,
				18EEBF8A22FC6CB500FEAFAA /* storyboardUITests */,
				18EEBF6922FC6CB200FEAFAA /* Products */,
			);
			sourceTree = "<group>";
		};
		18EEBF6922FC6CB200FEAFAA /* Products */ = {
			isa = PBXGroup;
			children = (
				18EEBF6822FC6CB200FEAFAA /* storyboard.app */,
				18EEBF7C22FC6CB500FEAFAA /* storyboardTests.xctest */,
				18EEBF8722FC6CB500FEAFAA /* storyboardUITests.xctest */,
			);
			name = Products;
			sourceTree = "<group>";
		};
		18EEBF6A22FC6CB200FEAFAA /* storyboard */ = {
			isa = PBXGroup;
			children = (
				18EEBF6B22FC6CB200FEAFAA /* AppDelegate.swift */,
				18EEBF6D22FC6CB200FEAFAA /* ViewController.swift */,
				18EEBF6F22FC6CB200FEAFAA /* Main.storyboard */,
				18EEBF7222FC6CB500FEAFAA /* Assets.xcassets */,
				18EEBF7422FC6CB500FEAFAA /* LaunchScreen.storyboard */,
				18EEBF7722FC6CB500FEAFAA /* Info.plist */,
			);
			path = storyboard;
			sourceTree = "<group>";
		};
		18EEBF7F22FC6CB500FEAFAA /* storyboardTests */ = {
			isa = PBXGroup;
			children = (
				18EEBF8022FC6CB500FEAFAA /* storyboardTests.swift */,
				18EEBF8222FC6CB500FEAFAA /* Info.plist */,
			);
			path = storyboardTests;
			sourceTree = "<group>";
		};
		18EEBF8A22FC6CB500FEAFAA /* storyboardUITests */ = {
			isa = PBXGroup;
			children = (
				18EEBF8B22FC6CB500FEAFAA /* storyboardUITests.swift */,
				18EEBF8D22FC6CB500FEAFAA /* Info.plist */,
			);
			path = storyboardUITests;
			sourceTree = "<group>";
		};
/* End PBXGroup section */

/* Begin PBXNativeTarget section */
		18EEBF6722FC6CB200FEAFAA /* storyboard */ = {
			isa = PBXNativeTarget;
			buildConfigurationList = 18EEBF9022FC6CB500FEAFAA /* Build configuration list for PBXNativeTarget "storyboard" */;
			buildPhases = (
				18EEBF6422FC6CB200FEAFAA /* Sources */,
				18EEBF6522FC6CB200FEAFAA /* Frameworks */,
				18EEBF6622FC6CB200FEAFAA /* Resources */,
			);
			buildRules = (
			);
			dependencies = (
			);
			name = storyboard;
			productName = storyboard;
			productReference = 18EEBF6822FC6CB200FEAFAA /* storyboard.app */;
			productType = "com.apple.product-type.application";
		};
		18EEBF7B22FC6CB500FEAFAA /* storyboardTests */ = {
			isa = PBXNativeTarget;
			buildConfigurationList = 18EEBF9322FC6CB500FEAFAA /* Build configuration list for PBXNativeTarget "storyboardTests" */;
			buildPhases = (
				18EEBF7822FC6CB500FEAFAA /* Sources */,
				18EEBF7922FC6CB500FEAFAA /* Frameworks */,
				18EEBF7A22FC6CB500FEAFAA /* Resources */,
			);
			buildRules = (
			);
			dependencies = (
				18EEBF7E22FC6CB500FEAFAA /* PBXTargetDependency */,
			);
			name = storyboardTests;
			productName = storyboardTests;
			productReference = 18EEBF7C22FC6CB500FEAFAA /* storyboardTests.xctest */;
			productType = "com.apple.product-type.bundle.unit-test";
		};
		18EEBF8622FC6CB500FEAFAA /* storyboardUITests */ = {
			isa = PBXNativeTarget;
			buildConfigurationList = 18EEBF9622FC6CB500FEAFAA /* Build configuration list for PBXNativeTarget "storyboardUITests" */;
			buildPhases = (
				18EEBF8322FC6CB500FEAFAA /* Sources */,
				18EEBF8422FC6CB500FEAFAA /* Frameworks */,
				18EEBF8522FC6CB500FEAFAA /* Resources */,
			);
			buildRules = (
			);
			dependencies = (
				18EEBF8922FC6CB500FEAFAA /* PBXTargetDependency */,
			);
			name = storyboardUITests;
			productName = storyboardUITests;
			productReference = 18EEBF8722FC6CB500FEAFAA /* storyboardUITests.xctest */;
			productType = "com.apple.product-type.bundle.ui-testing";
		};
/* End PBXNativeTarget section */

/* Begin PBXProject section */
		18EEBF6022FC6CB200FEAFAA /* Project object */ = {
			isa = PBXProject;
			attributes = {
				LastSwiftUpdateCheck = 1020;
				LastUpgradeCheck = 1020;
				ORGANIZATIONNAME = Zena;
				TargetAttributes = {
					18EEBF6722FC6CB200FEAFAA = {
						CreatedOnToolsVersion = 10.2.1;
					};
					18EEBF7B22FC6CB500FEAFAA = {
						CreatedOnToolsVersion = 10.2.1;
						TestTargetID = 18EEBF6722FC6CB200FEAFAA;
					};
					18EEBF8622FC6CB500FEAFAA = {
						CreatedOnToolsVersion = 10.2.1;
						TestTargetID = 18EEBF6722FC6CB200FEAFAA;
					};
				};
			};
			buildConfigurationList = 18EEBF6322FC6CB200FEAFAA /* Build configuration list for PBXProject "storyboard" */;
			compatibilityVersion = "Xcode 9.3";
			developmentRegion = en;
			hasScannedForEncodings = 0;
			knownRegions = (
				en,
				Base,
			);
			mainGroup = 18EEBF5F22FC6CB200FEAFAA;
			productRefGroup = 18EEBF6922FC6CB200FEAFAA /* Products */;
			projectDirPath = "";
			projectRoot = "";
			targets = (
				18EEBF6722FC6CB200FEAFAA /* storyboard */,
				18EEBF7B22FC6CB500FEAFAA /* storyboardTests */,
				18EEBF8622FC6CB500FEAFAA /* storyboardUITests */,
			);
		};
/* End PBXProject section */

/* Begin PBXResourcesBuildPhase section */
		18EEBF6622FC6CB200FEAFAA /* Resources */ = {
			isa = PBXResourcesBuildPhase;
			buildActionMask = 2147483647;
			files = (
				18EEBF7622FC6CB500FEAFAA /* LaunchScreen.storyboard in Resources */,
				18EEBF7322FC6CB500FEAFAA /* Assets.xcassets in Resources */,
				18EEBF7122FC6CB200FEAFAA /* Main.storyboard in Resources */,
			);
			runOnlyForDeploymentPostprocessing = 0;
		};
		18EEBF7A22FC6CB500FEAFAA /* Resources */ = {
			isa = PBXResourcesBuildPhase;
			buildActionMask = 2147483647;
			files = (
			);
			runOnlyForDeploymentPostprocessing = 0;
		};
		18EEBF8522FC6CB500FEAFAA /* Resources */ = {
			isa = PBXResourcesBuildPhase;
			buildActionMask = 2147483647;
			files = (
			);
			runOnlyForDeploymentPostprocessing = 0;
		};
/* End PBXResourcesBuildPhase section */

/* Begin PBXSourcesBuildPhase section */
		18EEBF6422FC6CB200FEAFAA /* Sources */ = {
			isa = PBXSourcesBuildPhase;
			buildActionMask = 2147483647;
			files = (
				18EEBF6E22FC6CB200FEAFAA /* ViewController.swift in Sources */,
				18EEBF6C22FC6CB200FEAFAA /* AppDelegate.swift in Sources */,
			);
			runOnlyForDeploymentPostprocessing = 0;
		};
		18EEBF7822FC6CB500FEAFAA /* Sources */ = {
			isa = PBXSourcesBuildPhase;
			buildActionMask = 2147483647;
			files = (
				18EEBF8122FC6CB500FEAFAA /* storyboardTests.swift in Sources */,
			);
			runOnlyForDeploymentPostprocessing = 0;
		};
		18EEBF8322FC6CB500FEAFAA /* Sources */ = {
			isa = PBXSourcesBuildPhase;
			buildActionMask = 2147483647;
			files = (
				18EEBF8C22FC6CB500FEAFAA /* storyboardUITests.swift in Sources */,
			);
			runOnlyForDeploymentPostprocessing = 0;
		};
/* End PBXSourcesBuildPhase section */

/* Begin PBXTargetDependency section */
		18EEBF7E22FC6CB500FEAFAA /* PBXTargetDependency */ = {
			isa = PBXTargetDependency;
			target = 18EEBF6722FC6CB200FEAFAA /* storyboard */;
			targetProxy = 18EEBF7D22FC6CB500FEAFAA /* PBXContainerItemProxy */;
		};
		18EEBF8922FC6CB500FEAFAA /* PBXTargetDependency */ = {
			isa = PBXTargetDependency;
			target = 18EEBF6722FC6CB200FEAFAA /* storyboard */;
			targetProxy = 18EEBF8822FC6CB500FEAFAA /* PBXContainerItemProxy */;
		};
/* End PBXTargetDependency section */

/* Begin PBXVariantGroup section */
		18EEBF6F22FC6CB200FEAFAA /* Main.storyboard */ = {
			isa = PBXVariantGroup;
			children = (
				18EEBF7022FC6CB200FEAFAA /* Base */,
			);
			name = Main.storyboard;
			sourceTree = "<group>";
		};
		18EEBF7422FC6CB500FEAFAA /* LaunchScreen.storyboard */ = {
			isa = PBXVariantGroup;
			children = (
				18EEBF7522FC6CB500FEAFAA /* Base */,
			);
			name = LaunchScreen.storyboard;
			sourceTree = "<group>";
		};
/* End PBXVariantGroup section */

/* Begin XCBuildConfiguration section */
		18EEBF8E22FC6CB500FEAFAA /* Debug */ = {
			isa = XCBuildConfiguration;
			buildSettings = {
				ALWAYS_SEARCH_USER_PATHS = NO;
				CLANG_ANALYZER_NONNULL = YES;
				CLANG_ANALYZER_NUMBER_OBJECT_CONVERSION = YES_AGGRESSIVE;
				CLANG_CXX_LANGUAGE_STANDARD = "gnu++14";
				CLANG_CXX_LIBRARY = "libc++";
				CLANG_ENABLE_MODULES = YES;
				CLANG_ENABLE_OBJC_ARC = YES;
				CLANG_ENABLE_OBJC_WEAK = YES;
				CLANG_WARN_BLOCK_CAPTURE_AUTORELEASING = YES;
				CLANG_WARN_BOOL_CONVERSION = YES;
				CLANG_WARN_COMMA = YES;
				CLANG_WARN_CONSTANT_CONVERSION = YES;
				CLANG_WARN_DEPRECATED_OBJC_IMPLEMENTATIONS = YES;
				CLANG_WARN_DIRECT_OBJC_ISA_USAGE = YES_ERROR;
				CLANG_WARN_DOCUMENTATION_COMMENTS = YES;
				CLANG_WARN_EMPTY_BODY = YES;
				CLANG_WARN_ENUM_CONVERSION = YES;
				CLANG_WARN_INFINITE_RECURSION = YES;
				CLANG_WARN_INT_CONVERSION = YES;
				CLANG_WARN_NON_LITERAL_NULL_CONVERSION = YES;
				CLANG_WARN_OBJC_IMPLICIT_RETAIN_SELF = YES;
				CLANG_WARN_OBJC_LITERAL_CONVERSION = YES;
				CLANG_WARN_OBJC_ROOT_CLASS = YES_ERROR;
				CLANG_WARN_RANGE_LOOP_ANALYSIS = YES;
				CLANG_WARN_STRICT_PROTOTYPES = YES;
				CLANG_WARN_SUSPICIOUS_MOVE = YES;
				CLANG_WARN_UNGUARDED_AVAILABILITY = YES_AGGRESSIVE;
				CLANG_WARN_UNREACHABLE_CODE = YES;
				CLANG_WARN__DUPLICATE_METHOD_MATCH = YES;
				CODE_SIGN_IDENTITY = "iPhone Developer";
				COPY_PHASE_STRIP = NO;
				DEBUG_INFORMATION_FORMAT = dwarf;
				ENABLE_STRICT_OBJC_MSGSEND = YES;
				ENABLE_TESTABILITY = YES;
				GCC_C_LANGUAGE_STANDARD = gnu11;
				GCC_DYNAMIC_NO_PIC = NO;
				GCC_NO_COMMON_BLOCKS = YES;
				GCC_OPTIMIZATION_LEVEL = 0;
				GCC_PREPROCESSOR_DEFINITIONS = (
					"DEBUG=1",
					"$(inherited)",
				);
				GCC_WARN_64_TO_32_BIT_CONVERSION = YES;
				GCC_WARN_ABOUT_RETURN_TYPE = YES_ERROR;
				GCC_WARN_UNDECLARED_SELECTOR = YES;
				GCC_WARN_UNINITIALIZED_AUTOS = YES_AGGRESSIVE;
				GCC_WARN_UNUSED_FUNCTION = YES;
				GCC_WARN_UNUSED_VARIABLE = YES;
				IPHONEOS_DEPLOYMENT_TARGET = 12.2;
				MTL_ENABLE_DEBUG_INFO = INCLUDE_SOURCE;
				MTL_FAST_MATH = YES;
				ONLY_ACTIVE_ARCH = YES;
				SDKROOT = iphoneos;
				SWIFT_ACTIVE_COMPILATION_CONDITIONS = DEBUG;
				SWIFT_OPTIMIZATION_LEVEL = "-Onone";
			};
			name = Debug;
		};
		18EEBF8F22FC6CB500FEAFAA /* Release */ = {
			isa = XCBuildConfiguration;
			buildSettings = {
				ALWAYS_SEARCH_USER_PATHS = NO;
				CLANG_ANALYZER_NONNULL = YES;
				CLANG_ANALYZER_NUMBER_OBJECT_CONVERSION = YES_AGGRESSIVE;
				CLANG_CXX_LANGUAGE_STANDARD = "gnu++14";
				CLANG_CXX_LIBRARY = "libc++";
				CLANG_ENABLE_MODULES = YES;
				CLANG_ENABLE_OBJC_ARC = YES;
				CLANG_ENABLE_OBJC_WEAK = YES;
				CLANG_WARN_BLOCK_CAPTURE_AUTORELEASING = YES;
				CLANG_WARN_BOOL_CONVERSION = YES;
				CLANG_WARN_COMMA = YES;
				CLANG_WARN_CONSTANT_CONVERSION = YES;
				CLANG_WARN_DEPRECATED_OBJC_IMPLEMENTATIONS = YES;
				CLANG_WARN_DIRECT_OBJC_ISA_USAGE = YES_ERROR;
				CLANG_WARN_DOCUMENTATION_COMMENTS = YES;
				CLANG_WARN_EMPTY_BODY = YES;
				CLANG_WARN_ENUM_CONVERSION = YES;
				CLANG_WARN_INFINITE_RECURSION = YES;
				CLANG_WARN_INT_CONVERSION = YES;
				CLANG_WARN_NON_LITERAL_NULL_CONVERSION = YES;
				CLANG_WARN_OBJC_IMPLICIT_RETAIN_SELF = YES;
				CLANG_WARN_OBJC_LITERAL_CONVERSION = YES;
				CLANG_WARN_OBJC_ROOT_CLASS = YES_ERROR;
				CLANG_WARN_RANGE_LOOP_ANALYSIS = YES;
				CLANG_WARN_STRICT_PROTOTYPES = YES;
				CLANG_WARN_SUSPICIOUS_MOVE = YES;
				CLANG_WARN_UNGUARDED_AVAILABILITY = YES_AGGRESSIVE;
				CLANG_WARN_UNREACHABLE_CODE = YES;
				CLANG_WARN__DUPLICATE_METHOD_MATCH = YES;
				CODE_SIGN_IDENTITY = "iPhone Developer";
				COPY_PHASE_STRIP = NO;
				DEBUG_INFORMATION_FORMAT = "dwarf-with-dsym";
				ENABLE_NS_ASSERTIONS = NO;
				ENABLE_STRICT_OBJC_MSGSEND = YES;
				GCC_C_LANGUAGE_STANDARD = gnu11;
				GCC_NO_COMMON_BLOCKS = YES;
				GCC_WARN_64_TO_32_BIT_CONVERSION = YES;
				GCC_WARN_ABOUT_RETURN_TYPE = YES_ERROR;
				GCC_WARN_UNDECLARED_SELECTOR = YES;
				GCC_WARN_UNINITIALIZED_AUTOS = YES_AGGRESSIVE;
				GCC_WARN_UNUSED_FUNCTION = YES;
				GCC_WARN_UNUSED_VARIABLE = YES;
				IPHONEOS_DEPLOYMENT_TARGET = 12.2;
				MTL_ENABLE_DEBUG_INFO = NO;
				MTL_FAST_MATH = YES;
				SDKROOT = iphoneos;
				SWIFT_COMPILATION_MODE = wholemodule;
				SWIFT_OPTIMIZATION_LEVEL = "-O";
				VALIDATE_PRODUCT = YES;
			};
			name = Release;
		};
		18EEBF9122FC6CB500FEAFAA /* Debug */ = {
			isa = XCBuildConfiguration;
			buildSettings = {
				ASSETCATALOG_COMPILER_APPICON_NAME = AppIcon;
				CODE_SIGN_STYLE = Automatic;
				INFOPLIST_FILE = storyboard/Info.plist;
				LD_RUNPATH_SEARCH_PATHS = (
					"$(inherited)",
					"@executable_path/Frameworks",
				);
				PRODUCT_BUNDLE_IDENTIFIER = Zena.storyboard;
				PRODUCT_NAME = "$(TARGET_NAME)";
				SWIFT_VERSION = 5.0;
				TARGETED_DEVICE_FAMILY = "1,2";
			};
			name = Debug;
		};
		18EEBF9222FC6CB500FEAFAA /* Release */ = {
			isa = XCBuildConfiguration;
			buildSettings = {
				ASSETCATALOG_COMPILER_APPICON_NAME = AppIcon;
				CODE_SIGN_STYLE = Automatic;
				INFOPLIST_FILE = storyboard/Info.plist;
				LD_RUNPATH_SEARCH_PATHS = (
					"$(inherited)",
					"@executable_path/Frameworks",
				);
				PRODUCT_BUNDLE_IDENTIFIER = Zena.storyboard;
				PRODUCT_NAME = "$(TARGET_NAME)";
				SWIFT_VERSION = 5.0;
				TARGETED_DEVICE_FAMILY = "1,2";
			};
			name = Release;
		};
		18EEBF9422FC6CB500FEAFAA /* Debug */ = {
			isa = XCBuildConfiguration;
			buildSettings = {
				ALWAYS_EMBED_SWIFT_STANDARD_LIBRARIES = YES;
				BUNDLE_LOADER = "$(TEST_HOST)";
				CODE_SIGN_STYLE = Automatic;
				INFOPLIST_FILE = storyboardTests/Info.plist;
				LD_RUNPATH_SEARCH_PATHS = (
					"$(inherited)",
					"@executable_path/Frameworks",
					"@loader_path/Frameworks",
				);
				PRODUCT_BUNDLE_IDENTIFIER = Zena.storyboardTests;
				PRODUCT_NAME = "$(TARGET_NAME)";
				SWIFT_VERSION = 5.0;
				TARGETED_DEVICE_FAMILY = "1,2";
				TEST_HOST = "$(BUILT_PRODUCTS_DIR)/storyboard.app/storyboard";
			};
			name = Debug;
		};
		18EEBF9522FC6CB500FEAFAA /* Release */ = {
			isa = XCBuildConfiguration;
			buildSettings = {
				ALWAYS_EMBED_SWIFT_STANDARD_LIBRARIES = YES;
				BUNDLE_LOADER = "$(TEST_HOST)";
				CODE_SIGN_STYLE = Automatic;
				INFOPLIST_FILE = storyboardTests/Info.plist;
				LD_RUNPATH_SEARCH_PATHS = (
					"$(inherited)",
					"@executable_path/Frameworks",
					"@loader_path/Frameworks",
				);
				PRODUCT_BUNDLE_IDENTIFIER = Zena.storyboardTests;
				PRODUCT_NAME = "$(TARGET_NAME)";
				SWIFT_VERSION = 5.0;
				TARGETED_DEVICE_FAMILY = "1,2";
				TEST_HOST = "$(BUILT_PRODUCTS_DIR)/storyboard.app/storyboard";
			};
			name = Release;
		};
		18EEBF9722FC6CB500FEAFAA /* Debug */ = {
			isa = XCBuildConfiguration;
			buildSettings = {
				ALWAYS_EMBED_SWIFT_STANDARD_LIBRARIES = YES;
				CODE_SIGN_STYLE = Automatic;
				INFOPLIST_FILE = storyboardUITests/Info.plist;
				LD_RUNPATH_SEARCH_PATHS = (
					"$(inherited)",
					"@executable_path/Frameworks",
					"@loader_path/Frameworks",
				);
				PRODUCT_BUNDLE_IDENTIFIER = Zena.storyboardUITests;
				PRODUCT_NAME = "$(TARGET_NAME)";
				SWIFT_VERSION = 5.0;
				TARGETED_DEVICE_FAMILY = "1,2";
				TEST_TARGET_NAME = storyboard;
			};
			name = Debug;
		};
		18EEBF9822FC6CB500FEAFAA /* Release */ = {
			isa = XCBuildConfiguration;
			buildSettings = {
				ALWAYS_EMBED_SWIFT_STANDARD_LIBRARIES = YES;
				CODE_SIGN_STYLE = Automatic;
				INFOPLIST_FILE = storyboardUITests/Info.plist;
				LD_RUNPATH_SEARCH_PATHS = (
					"$(inherited)",
					"@executable_path/Frameworks",
					"@loader_path/Frameworks",
				);
				PRODUCT_BUNDLE_IDENTIFIER = Zena.storyboardUITests;
				PRODUCT_NAME = "$(TARGET_NAME)";
				SWIFT_VERSION = 5.0;
				TARGETED_DEVICE_FAMILY = "1,2";
				TEST_TARGET_NAME = storyboard;
			};
			name = Release;
		};
/* End XCBuildConfiguration section */

/* Begin XCConfigurationList section */
		18EEBF6322FC6CB200FEAFAA /* Build configuration list for PBXProject "storyboard" */ = {
			isa = XCConfigurationList;
			buildConfigurations = (
				18EEBF8E22FC6CB500FEAFAA /* Debug */,
				18EEBF8F22FC6CB500FEAFAA /* Release */,
			);
			defaultConfigurationIsVisible = 0;
			defaultConfigurationName = Release;
		};
		18EEBF9022FC6CB500FEAFAA /* Build configuration list for PBXNativeTarget "storyboard" */ = {
			isa = XCConfigurationList;
			buildConfigurations = (
				18EEBF9122FC6CB500FEAFAA /* Debug */,
				18EEBF9222FC6CB500FEAFAA /* Release */,
			);
			defaultConfigurationIsVisible = 0;
			defaultConfigurationName = Release;
		};
		18EEBF9322FC6CB500FEAFAA /* Build configuration list for PBXNativeTarget "storyboardTests" */ = {
			isa = XCConfigurationList;
			buildConfigurations = (
				18EEBF9422FC6CB500FEAFAA /* Debug */,
				18EEBF9522FC6CB500FEAFAA /* Release */,
			);
			defaultConfigurationIsVisible = 0;
			defaultConfigurationName = Release;
		};
		18EEBF9622FC6CB500FEAFAA /* Build configuration list for PBXNativeTarget "storyboardUITests" */ = {
			isa = XCConfigurationList;
			buildConfigurations = (
				18EEBF9722FC6CB500FEAFAA /* Debug */,
				18EEBF9822FC6CB500FEAFAA /* Release */,
			);
			defaultConfigurationIsVisible = 0;
			defaultConfigurationName = Release;
		};
/* End XCConfigurationList section */
	};
	rootObject = 18EEBF6022FC6CB200FEAFAA /* Project object */;
}
