// !$*UTF8*$!
{
	archiveVersion = 1;
	classes = {
	};
	objectVersion = 50;
	objects = {

/* Begin PBXBuildFile section */
		18D0E40622FC90B800CBA2A1 /* AppDelegate.swift in Sources */ = {isa = PBXBuildFile; fileRef = 18D0E40522FC90B800CBA2A1 /* AppDelegate.swift */; };
		18D0E40822FC90B800CBA2A1 /* ViewController.swift in Sources */ = {isa = PBXBuildFile; fileRef = 18D0E40722FC90B800CBA2A1 /* ViewController.swift */; };
		18D0E40B22FC90B800CBA2A1 /* Main.storyboard in Resources */ = {isa = PBXBuildFile; fileRef = 18D0E40922FC90B800CBA2A1 /* Main.storyboard */; };
		18D0E40D22FC90B900CBA2A1 /* Assets.xcassets in Resources */ = {isa = PBXBuildFile; fileRef = 18D0E40C22FC90B900CBA2A1 /* Assets.xcassets */; };
		18D0E41022FC90B900CBA2A1 /* LaunchScreen.storyboard in Resources */ = {isa = PBXBuildFile; fileRef = 18D0E40E22FC90B900CBA2A1 /* LaunchScreen.storyboard */; };
		18D0E41B22FC90B900CBA2A1 /* Actions_and_Outlets_PracticeTests.swift in Sources */ = {isa = PBXBuildFile; fileRef = 18D0E41A22FC90B900CBA2A1 /* Actions_and_Outlets_PracticeTests.swift */; };
		18D0E42622FC90B900CBA2A1 /* Actions_and_Outlets_PracticeUITests.swift in Sources */ = {isa = PBXBuildFile; fileRef = 18D0E42522FC90B900CBA2A1 /* Actions_and_Outlets_PracticeUITests.swift */; };
/* End PBXBuildFile section */

/* Begin PBXContainerItemProxy section */
		18D0E41722FC90B900CBA2A1 /* PBXContainerItemProxy */ = {
			isa = PBXContainerItemProxy;
			containerPortal = 18D0E3FA22FC90B800CBA2A1 /* Project object */;
			proxyType = 1;
			remoteGlobalIDString = 18D0E40122FC90B800CBA2A1;
			remoteInfo = "Actions and Outlets Practice";
		};
		18D0E42222FC90B900CBA2A1 /* PBXContainerItemProxy */ = {
			isa = PBXContainerItemProxy;
			containerPortal = 18D0E3FA22FC90B800CBA2A1 /* Project object */;
			proxyType = 1;
			remoteGlobalIDString = 18D0E40122FC90B800CBA2A1;
			remoteInfo = "Actions and Outlets Practice";
		};
/* End PBXContainerItemProxy section */

/* Begin PBXFileReference section */
		18D0E40222FC90B800CBA2A1 /* Actions and Outlets Practice.app */ = {isa = PBXFileReference; explicitFileType = wrapper.application; includeInIndex = 0; path = "Actions and Outlets Practice.app"; sourceTree = BUILT_PRODUCTS_DIR; };
		18D0E40522FC90B800CBA2A1 /* AppDelegate.swift */ = {isa = PBXFileReference; lastKnownFileType = sourcecode.swift; path = AppDelegate.swift; sourceTree = "<group>"; };
		18D0E40722FC90B800CBA2A1 /* ViewController.swift */ = {isa = PBXFileReference; lastKnownFileType = sourcecode.swift; path = ViewController.swift; sourceTree = "<group>"; };
		18D0E40A22FC90B800CBA2A1 /* Base */ = {isa = PBXFileReference; lastKnownFileType = file.storyboard; name = Base; path = Base.lproj/Main.storyboard; sourceTree = "<group>"; };
		18D0E40C22FC90B900CBA2A1 /* Assets.xcassets */ = {isa = PBXFileReference; lastKnownFileType = folder.assetcatalog; path = Assets.xcassets; sourceTree = "<group>"; };
		18D0E40F22FC90B900CBA2A1 /* Base */ = {isa = PBXFileReference; lastKnownFileType = file.storyboard; name = Base; path = Base.lproj/LaunchScreen.storyboard; sourceTree = "<group>"; };
		18D0E41122FC90B900CBA2A1 /* Info.plist */ = {isa = PBXFileReference; lastKnownFileType = text.plist.xml; path = Info.plist; sourceTree = "<group>"; };
		18D0E41622FC90B900CBA2A1 /* Actions and Outlets PracticeTests.xctest */ = {isa = PBXFileReference; explicitFileType = wrapper.cfbundle; includeInIndex = 0; path = "Actions and Outlets PracticeTests.xctest"; sourceTree = BUILT_PRODUCTS_DIR; };
		18D0E41A22FC90B900CBA2A1 /* Actions_and_Outlets_PracticeTests.swift */ = {isa = PBXFileReference; lastKnownFileType = sourcecode.swift; path = Actions_and_Outlets_PracticeTests.swift; sourceTree = "<group>"; };
		18D0E41C22FC90B900CBA2A1 /* Info.plist */ = {isa = PBXFileReference; lastKnownFileType = text.plist.xml; path = Info.plist; sourceTree = "<group>"; };
		18D0E42122FC90B900CBA2A1 /* Actions and Outlets PracticeUITests.xctest */ = {isa = PBXFileReference; explicitFileType = wrapper.cfbundle; includeInIndex = 0; path = "Actions and Outlets PracticeUITests.xctest"; sourceTree = BUILT_PRODUCTS_DIR; };
		18D0E42522FC90B900CBA2A1 /* Actions_and_Outlets_PracticeUITests.swift */ = {isa = PBXFileReference; lastKnownFileType = sourcecode.swift; path = Actions_and_Outlets_PracticeUITests.swift; sourceTree = "<group>"; };
		18D0E42722FC90B900CBA2A1 /* Info.plist */ = {isa = PBXFileReference; lastKnownFileType = text.plist.xml; path = Info.plist; sourceTree = "<group>"; };
/* End PBXFileReference section */

/* Begin PBXFrameworksBuildPhase section */
		18D0E3FF22FC90B800CBA2A1 /* Frameworks */ = {
			isa = PBXFrameworksBuildPhase;
			buildActionMask = 2147483647;
			files = (
			);
			runOnlyForDeploymentPostprocessing = 0;
		};
		18D0E41322FC90B900CBA2A1 /* Frameworks */ = {
			isa = PBXFrameworksBuildPhase;
			buildActionMask = 2147483647;
			files = (
			);
			runOnlyForDeploymentPostprocessing = 0;
		};
		18D0E41E22FC90B900CBA2A1 /* Frameworks */ = {
			isa = PBXFrameworksBuildPhase;
			buildActionMask = 2147483647;
			files = (
			);
			runOnlyForDeploymentPostprocessing = 0;
		};
/* End PBXFrameworksBuildPhase section */

/* Begin PBXGroup section */
		18D0E3F922FC90B800CBA2A1 = {
			isa = PBXGroup;
			children = (
				18D0E40422FC90B800CBA2A1 /* Actions and Outlets Practice */,
				18D0E41922FC90B900CBA2A1 /* Actions and Outlets PracticeTests */,
				18D0E42422FC90B900CBA2A1 /* Actions and Outlets PracticeUITests */,
				18D0E40322FC90B800CBA2A1 /* Products */,
			);
			sourceTree = "<group>";
		};
		18D0E40322FC90B800CBA2A1 /* Products */ = {
			isa = PBXGroup;
			children = (
				18D0E40222FC90B800CBA2A1 /* Actions and Outlets Practice.app */,
				18D0E41622FC90B900CBA2A1 /* Actions and Outlets PracticeTests.xctest */,
				18D0E42122FC90B900CBA2A1 /* Actions and Outlets PracticeUITests.xctest */,
			);
			name = Products;
			sourceTree = "<group>";
		};
		18D0E40422FC90B800CBA2A1 /* Actions and Outlets Practice */ = {
			isa = PBXGroup;
			children = (
				18D0E40522FC90B800CBA2A1 /* AppDelegate.swift */,
				18D0E40722FC90B800CBA2A1 /* ViewController.swift */,
				18D0E40922FC90B800CBA2A1 /* Main.storyboard */,
				18D0E40C22FC90B900CBA2A1 /* Assets.xcassets */,
				18D0E40E22FC90B900CBA2A1 /* LaunchScreen.storyboard */,
				18D0E41122FC90B900CBA2A1 /* Info.plist */,
			);
			path = "Actions and Outlets Practice";
			sourceTree = "<group>";
		};
		18D0E41922FC90B900CBA2A1 /* Actions and Outlets PracticeTests */ = {
			isa = PBXGroup;
			children = (
				18D0E41A22FC90B900CBA2A1 /* Actions_and_Outlets_PracticeTests.swift */,
				18D0E41C22FC90B900CBA2A1 /* Info.plist */,
			);
			path = "Actions and Outlets PracticeTests";
			sourceTree = "<group>";
		};
		18D0E42422FC90B900CBA2A1 /* Actions and Outlets PracticeUITests */ = {
			isa = PBXGroup;
			children = (
				18D0E42522FC90B900CBA2A1 /* Actions_and_Outlets_PracticeUITests.swift */,
				18D0E42722FC90B900CBA2A1 /* Info.plist */,
			);
			path = "Actions and Outlets PracticeUITests";
			sourceTree = "<group>";
		};
/* End PBXGroup section */

/* Begin PBXNativeTarget section */
		18D0E40122FC90B800CBA2A1 /* Actions and Outlets Practice */ = {
			isa = PBXNativeTarget;
			buildConfigurationList = 18D0E42A22FC90B900CBA2A1 /* Build configuration list for PBXNativeTarget "Actions and Outlets Practice" */;
			buildPhases = (
				18D0E3FE22FC90B800CBA2A1 /* Sources */,
				18D0E3FF22FC90B800CBA2A1 /* Frameworks */,
				18D0E40022FC90B800CBA2A1 /* Resources */,
			);
			buildRules = (
			);
			dependencies = (
			);
			name = "Actions and Outlets Practice";
			productName = "Actions and Outlets Practice";
			productReference = 18D0E40222FC90B800CBA2A1 /* Actions and Outlets Practice.app */;
			productType = "com.apple.product-type.application";
		};
		18D0E41522FC90B900CBA2A1 /* Actions and Outlets PracticeTests */ = {
			isa = PBXNativeTarget;
			buildConfigurationList = 18D0E42D22FC90B900CBA2A1 /* Build configuration list for PBXNativeTarget "Actions and Outlets PracticeTests" */;
			buildPhases = (
				18D0E41222FC90B900CBA2A1 /* Sources */,
				18D0E41322FC90B900CBA2A1 /* Frameworks */,
				18D0E41422FC90B900CBA2A1 /* Resources */,
			);
			buildRules = (
			);
			dependencies = (
				18D0E41822FC90B900CBA2A1 /* PBXTargetDependency */,
			);
			name = "Actions and Outlets PracticeTests";
			productName = "Actions and Outlets PracticeTests";
			productReference = 18D0E41622FC90B900CBA2A1 /* Actions and Outlets PracticeTests.xctest */;
			productType = "com.apple.product-type.bundle.unit-test";
		};
		18D0E42022FC90B900CBA2A1 /* Actions and Outlets PracticeUITests */ = {
			isa = PBXNativeTarget;
			buildConfigurationList = 18D0E43022FC90B900CBA2A1 /* Build configuration list for PBXNativeTarget "Actions and Outlets PracticeUITests" */;
			buildPhases = (
				18D0E41D22FC90B900CBA2A1 /* Sources */,
				18D0E41E22FC90B900CBA2A1 /* Frameworks */,
				18D0E41F22FC90B900CBA2A1 /* Resources */,
			);
			buildRules = (
			);
			dependencies = (
				18D0E42322FC90B900CBA2A1 /* PBXTargetDependency */,
			);
			name = "Actions and Outlets PracticeUITests";
			productName = "Actions and Outlets PracticeUITests";
			productReference = 18D0E42122FC90B900CBA2A1 /* Actions and Outlets PracticeUITests.xctest */;
			productType = "com.apple.product-type.bundle.ui-testing";
		};
/* End PBXNativeTarget section */

/* Begin PBXProject section */
		18D0E3FA22FC90B800CBA2A1 /* Project object */ = {
			isa = PBXProject;
			attributes = {
				LastSwiftUpdateCheck = 1020;
				LastUpgradeCheck = 1020;
				ORGANIZATIONNAME = KWK;
				TargetAttributes = {
					18D0E40122FC90B800CBA2A1 = {
						CreatedOnToolsVersion = 10.2.1;
					};
					18D0E41522FC90B900CBA2A1 = {
						CreatedOnToolsVersion = 10.2.1;
						TestTargetID = 18D0E40122FC90B800CBA2A1;
					};
					18D0E42022FC90B900CBA2A1 = {
						CreatedOnToolsVersion = 10.2.1;
						TestTargetID = 18D0E40122FC90B800CBA2A1;
					};
				};
			};
			buildConfigurationList = 18D0E3FD22FC90B800CBA2A1 /* Build configuration list for PBXProject "Actions and Outlets Practice" */;
			compatibilityVersion = "Xcode 9.3";
			developmentRegion = en;
			hasScannedForEncodings = 0;
			knownRegions = (
				en,
				Base,
			);
			mainGroup = 18D0E3F922FC90B800CBA2A1;
			productRefGroup = 18D0E40322FC90B800CBA2A1 /* Products */;
			projectDirPath = "";
			projectRoot = "";
			targets = (
				18D0E40122FC90B800CBA2A1 /* Actions and Outlets Practice */,
				18D0E41522FC90B900CBA2A1 /* Actions and Outlets PracticeTests */,
				18D0E42022FC90B900CBA2A1 /* Actions and Outlets PracticeUITests */,
			);
		};
/* End PBXProject section */

/* Begin PBXResourcesBuildPhase section */
		18D0E40022FC90B800CBA2A1 /* Resources */ = {
			isa = PBXResourcesBuildPhase;
			buildActionMask = 2147483647;
			files = (
				18D0E41022FC90B900CBA2A1 /* LaunchScreen.storyboard in Resources */,
				18D0E40D22FC90B900CBA2A1 /* Assets.xcassets in Resources */,
				18D0E40B22FC90B800CBA2A1 /* Main.storyboard in Resources */,
			);
			runOnlyForDeploymentPostprocessing = 0;
		};
		18D0E41422FC90B900CBA2A1 /* Resources */ = {
			isa = PBXResourcesBuildPhase;
			buildActionMask = 2147483647;
			files = (
			);
			runOnlyForDeploymentPostprocessing = 0;
		};
		18D0E41F22FC90B900CBA2A1 /* Resources */ = {
			isa = PBXResourcesBuildPhase;
			buildActionMask = 2147483647;
			files = (
			);
			runOnlyForDeploymentPostprocessing = 0;
		};
/* End PBXResourcesBuildPhase section */

/* Begin PBXSourcesBuildPhase section */
		18D0E3FE22FC90B800CBA2A1 /* Sources */ = {
			isa = PBXSourcesBuildPhase;
			buildActionMask = 2147483647;
			files = (
				18D0E40822FC90B800CBA2A1 /* ViewController.swift in Sources */,
				18D0E40622FC90B800CBA2A1 /* AppDelegate.swift in Sources */,
			);
			runOnlyForDeploymentPostprocessing = 0;
		};
		18D0E41222FC90B900CBA2A1 /* Sources */ = {
			isa = PBXSourcesBuildPhase;
			buildActionMask = 2147483647;
			files = (
				18D0E41B22FC90B900CBA2A1 /* Actions_and_Outlets_PracticeTests.swift in Sources */,
			);
			runOnlyForDeploymentPostprocessing = 0;
		};
		18D0E41D22FC90B900CBA2A1 /* Sources */ = {
			isa = PBXSourcesBuildPhase;
			buildActionMask = 2147483647;
			files = (
				18D0E42622FC90B900CBA2A1 /* Actions_and_Outlets_PracticeUITests.swift in Sources */,
			);
			runOnlyForDeploymentPostprocessing = 0;
		};
/* End PBXSourcesBuildPhase section */

/* Begin PBXTargetDependency section */
		18D0E41822FC90B900CBA2A1 /* PBXTargetDependency */ = {
			isa = PBXTargetDependency;
			target = 18D0E40122FC90B800CBA2A1 /* Actions and Outlets Practice */;
			targetProxy = 18D0E41722FC90B900CBA2A1 /* PBXContainerItemProxy */;
		};
		18D0E42322FC90B900CBA2A1 /* PBXTargetDependency */ = {
			isa = PBXTargetDependency;
			target = 18D0E40122FC90B800CBA2A1 /* Actions and Outlets Practice */;
			targetProxy = 18D0E42222FC90B900CBA2A1 /* PBXContainerItemProxy */;
		};
/* End PBXTargetDependency section */

/* Begin PBXVariantGroup section */
		18D0E40922FC90B800CBA2A1 /* Main.storyboard */ = {
			isa = PBXVariantGroup;
			children = (
				18D0E40A22FC90B800CBA2A1 /* Base */,
			);
			name = Main.storyboard;
			sourceTree = "<group>";
		};
		18D0E40E22FC90B900CBA2A1 /* LaunchScreen.storyboard */ = {
			isa = PBXVariantGroup;
			children = (
				18D0E40F22FC90B900CBA2A1 /* Base */,
			);
			name = LaunchScreen.storyboard;
			sourceTree = "<group>";
		};
/* End PBXVariantGroup section */

/* Begin XCBuildConfiguration section */
		18D0E42822FC90B900CBA2A1 /* Debug */ = {
			isa = XCBuildConfiguration;
			buildSettings = {
				ALWAYS_SEARCH_USER_PATHS = NO;
				CLANG_ANALYZER_NONNULL = YES;
				CLANG_ANALYZER_NUMBER_OBJECT_CONVERSION = YES_AGGRESSIVE;
				CLANG_CXX_LANGUAGE_STANDARD = "gnu++14";
				CLANG_CXX_LIBRARY = "libc++";
				CLANG_ENABLE_MODULES = YES;
				CLANG_ENABLE_OBJC_ARC = YES;
				CLANG_ENABLE_OBJC_WEAK = YES;
				CLANG_WARN_BLOCK_CAPTURE_AUTORELEASING = YES;
				CLANG_WARN_BOOL_CONVERSION = YES;
				CLANG_WARN_COMMA = YES;
				CLANG_WARN_CONSTANT_CONVERSION = YES;
				CLANG_WARN_DEPRECATED_OBJC_IMPLEMENTATIONS = YES;
				CLANG_WARN_DIRECT_OBJC_ISA_USAGE = YES_ERROR;
				CLANG_WARN_DOCUMENTATION_COMMENTS = YES;
				CLANG_WARN_EMPTY_BODY = YES;
				CLANG_WARN_ENUM_CONVERSION = YES;
				CLANG_WARN_INFINITE_RECURSION = YES;
				CLANG_WARN_INT_CONVERSION = YES;
				CLANG_WARN_NON_LITERAL_NULL_CONVERSION = YES;
				CLANG_WARN_OBJC_IMPLICIT_RETAIN_SELF = YES;
				CLANG_WARN_OBJC_LITERAL_CONVERSION = YES;
				CLANG_WARN_OBJC_ROOT_CLASS = YES_ERROR;
				CLANG_WARN_RANGE_LOOP_ANALYSIS = YES;
				CLANG_WARN_STRICT_PROTOTYPES = YES;
				CLANG_WARN_SUSPICIOUS_MOVE = YES;
				CLANG_WARN_UNGUARDED_AVAILABILITY = YES_AGGRESSIVE;
				CLANG_WARN_UNREACHABLE_CODE = YES;
				CLANG_WARN__DUPLICATE_METHOD_MATCH = YES;
				CODE_SIGN_IDENTITY = "iPhone Developer";
				COPY_PHASE_STRIP = NO;
				DEBUG_INFORMATION_FORMAT = dwarf;
				ENABLE_STRICT_OBJC_MSGSEND = YES;
				ENABLE_TESTABILITY = YES;
				GCC_C_LANGUAGE_STANDARD = gnu11;
				GCC_DYNAMIC_NO_PIC = NO;
				GCC_NO_COMMON_BLOCKS = YES;
				GCC_OPTIMIZATION_LEVEL = 0;
				GCC_PREPROCESSOR_DEFINITIONS = (
					"DEBUG=1",
					"$(inherited)",
				);
				GCC_WARN_64_TO_32_BIT_CONVERSION = YES;
				GCC_WARN_ABOUT_RETURN_TYPE = YES_ERROR;
				GCC_WARN_UNDECLARED_SELECTOR = YES;
				GCC_WARN_UNINITIALIZED_AUTOS = YES_AGGRESSIVE;
				GCC_WARN_UNUSED_FUNCTION = YES;
				GCC_WARN_UNUSED_VARIABLE = YES;
				IPHONEOS_DEPLOYMENT_TARGET = 12.2;
				MTL_ENABLE_DEBUG_INFO = INCLUDE_SOURCE;
				MTL_FAST_MATH = YES;
				ONLY_ACTIVE_ARCH = YES;
				SDKROOT = iphoneos;
				SWIFT_ACTIVE_COMPILATION_CONDITIONS = DEBUG;
				SWIFT_OPTIMIZATION_LEVEL = "-Onone";
			};
			name = Debug;
		};
		18D0E42922FC90B900CBA2A1 /* Release */ = {
			isa = XCBuildConfiguration;
			buildSettings = {
				ALWAYS_SEARCH_USER_PATHS = NO;
				CLANG_ANALYZER_NONNULL = YES;
				CLANG_ANALYZER_NUMBER_OBJECT_CONVERSION = YES_AGGRESSIVE;
				CLANG_CXX_LANGUAGE_STANDARD = "gnu++14";
				CLANG_CXX_LIBRARY = "libc++";
				CLANG_ENABLE_MODULES = YES;
				CLANG_ENABLE_OBJC_ARC = YES;
				CLANG_ENABLE_OBJC_WEAK = YES;
				CLANG_WARN_BLOCK_CAPTURE_AUTORELEASING = YES;
				CLANG_WARN_BOOL_CONVERSION = YES;
				CLANG_WARN_COMMA = YES;
				CLANG_WARN_CONSTANT_CONVERSION = YES;
				CLANG_WARN_DEPRECATED_OBJC_IMPLEMENTATIONS = YES;
				CLANG_WARN_DIRECT_OBJC_ISA_USAGE = YES_ERROR;
				CLANG_WARN_DOCUMENTATION_COMMENTS = YES;
				CLANG_WARN_EMPTY_BODY = YES;
				CLANG_WARN_ENUM_CONVERSION = YES;
				CLANG_WARN_INFINITE_RECURSION = YES;
				CLANG_WARN_INT_CONVERSION = YES;
				CLANG_WARN_NON_LITERAL_NULL_CONVERSION = YES;
				CLANG_WARN_OBJC_IMPLICIT_RETAIN_SELF = YES;
				CLANG_WARN_OBJC_LITERAL_CONVERSION = YES;
				CLANG_WARN_OBJC_ROOT_CLASS = YES_ERROR;
				CLANG_WARN_RANGE_LOOP_ANALYSIS = YES;
				CLANG_WARN_STRICT_PROTOTYPES = YES;
				CLANG_WARN_SUSPICIOUS_MOVE = YES;
				CLANG_WARN_UNGUARDED_AVAILABILITY = YES_AGGRESSIVE;
				CLANG_WARN_UNREACHABLE_CODE = YES;
				CLANG_WARN__DUPLICATE_METHOD_MATCH = YES;
				CODE_SIGN_IDENTITY = "iPhone Developer";
				COPY_PHASE_STRIP = NO;
				DEBUG_INFORMATION_FORMAT = "dwarf-with-dsym";
				ENABLE_NS_ASSERTIONS = NO;
				ENABLE_STRICT_OBJC_MSGSEND = YES;
				GCC_C_LANGUAGE_STANDARD = gnu11;
				GCC_NO_COMMON_BLOCKS = YES;
				GCC_WARN_64_TO_32_BIT_CONVERSION = YES;
				GCC_WARN_ABOUT_RETURN_TYPE = YES_ERROR;
				GCC_WARN_UNDECLARED_SELECTOR = YES;
				GCC_WARN_UNINITIALIZED_AUTOS = YES_AGGRESSIVE;
				GCC_WARN_UNUSED_FUNCTION = YES;
				GCC_WARN_UNUSED_VARIABLE = YES;
				IPHONEOS_DEPLOYMENT_TARGET = 12.2;
				MTL_ENABLE_DEBUG_INFO = NO;
				MTL_FAST_MATH = YES;
				SDKROOT = iphoneos;
				SWIFT_COMPILATION_MODE = wholemodule;
				SWIFT_OPTIMIZATION_LEVEL = "-O";
				VALIDATE_PRODUCT = YES;
			};
			name = Release;
		};
		18D0E42B22FC90B900CBA2A1 /* Debug */ = {
			isa = XCBuildConfiguration;
			buildSettings = {
				ASSETCATALOG_COMPILER_APPICON_NAME = AppIcon;
				CODE_SIGN_STYLE = Automatic;
				INFOPLIST_FILE = "Actions and Outlets Practice/Info.plist";
				LD_RUNPATH_SEARCH_PATHS = (
					"$(inherited)",
					"@executable_path/Frameworks",
				);
				PRODUCT_BUNDLE_IDENTIFIER = "Zena.Actions-and-Outlets-Practice";
				PRODUCT_NAME = "$(TARGET_NAME)";
				SWIFT_VERSION = 5.0;
				TARGETED_DEVICE_FAMILY = "1,2";
			};
			name = Debug;
		};
		18D0E42C22FC90B900CBA2A1 /* Release */ = {
			isa = XCBuildConfiguration;
			buildSettings = {
				ASSETCATALOG_COMPILER_APPICON_NAME = AppIcon;
				CODE_SIGN_STYLE = Automatic;
				INFOPLIST_FILE = "Actions and Outlets Practice/Info.plist";
				LD_RUNPATH_SEARCH_PATHS = (
					"$(inherited)",
					"@executable_path/Frameworks",
				);
				PRODUCT_BUNDLE_IDENTIFIER = "Zena.Actions-and-Outlets-Practice";
				PRODUCT_NAME = "$(TARGET_NAME)";
				SWIFT_VERSION = 5.0;
				TARGETED_DEVICE_FAMILY = "1,2";
			};
			name = Release;
		};
		18D0E42E22FC90B900CBA2A1 /* Debug */ = {
			isa = XCBuildConfiguration;
			buildSettings = {
				ALWAYS_EMBED_SWIFT_STANDARD_LIBRARIES = YES;
				BUNDLE_LOADER = "$(TEST_HOST)";
				CODE_SIGN_STYLE = Automatic;
				INFOPLIST_FILE = "Actions and Outlets PracticeTests/Info.plist";
				LD_RUNPATH_SEARCH_PATHS = (
					"$(inherited)",
					"@executable_path/Frameworks",
					"@loader_path/Frameworks",
				);
				PRODUCT_BUNDLE_IDENTIFIER = "Zena.Actions-and-Outlets-PracticeTests";
				PRODUCT_NAME = "$(TARGET_NAME)";
				SWIFT_VERSION = 5.0;
				TARGETED_DEVICE_FAMILY = "1,2";
				TEST_HOST = "$(BUILT_PRODUCTS_DIR)/Actions and Outlets Practice.app/Actions and Outlets Practice";
			};
			name = Debug;
		};
		18D0E42F22FC90B900CBA2A1 /* Release */ = {
			isa = XCBuildConfiguration;
			buildSettings = {
				ALWAYS_EMBED_SWIFT_STANDARD_LIBRARIES = YES;
				BUNDLE_LOADER = "$(TEST_HOST)";
				CODE_SIGN_STYLE = Automatic;
				INFOPLIST_FILE = "Actions and Outlets PracticeTests/Info.plist";
				LD_RUNPATH_SEARCH_PATHS = (
					"$(inherited)",
					"@executable_path/Frameworks",
					"@loader_path/Frameworks",
				);
				PRODUCT_BUNDLE_IDENTIFIER = "Zena.Actions-and-Outlets-PracticeTests";
				PRODUCT_NAME = "$(TARGET_NAME)";
				SWIFT_VERSION = 5.0;
				TARGETED_DEVICE_FAMILY = "1,2";
				TEST_HOST = "$(BUILT_PRODUCTS_DIR)/Actions and Outlets Practice.app/Actions and Outlets Practice";
			};
			name = Release;
		};
		18D0E43122FC90B900CBA2A1 /* Debug */ = {
			isa = XCBuildConfiguration;
			buildSettings = {
				ALWAYS_EMBED_SWIFT_STANDARD_LIBRARIES = YES;
				CODE_SIGN_STYLE = Automatic;
				INFOPLIST_FILE = "Actions and Outlets PracticeUITests/Info.plist";
				LD_RUNPATH_SEARCH_PATHS = (
					"$(inherited)",
					"@executable_path/Frameworks",
					"@loader_path/Frameworks",
				);
				PRODUCT_BUNDLE_IDENTIFIER = "Zena.Actions-and-Outlets-PracticeUITests";
				PRODUCT_NAME = "$(TARGET_NAME)";
				SWIFT_VERSION = 5.0;
				TARGETED_DEVICE_FAMILY = "1,2";
				TEST_TARGET_NAME = "Actions and Outlets Practice";
			};
			name = Debug;
		};
		18D0E43222FC90B900CBA2A1 /* Release */ = {
			isa = XCBuildConfiguration;
			buildSettings = {
				ALWAYS_EMBED_SWIFT_STANDARD_LIBRARIES = YES;
				CODE_SIGN_STYLE = Automatic;
				INFOPLIST_FILE = "Actions and Outlets PracticeUITests/Info.plist";
				LD_RUNPATH_SEARCH_PATHS = (
					"$(inherited)",
					"@executable_path/Frameworks",
					"@loader_path/Frameworks",
				);
				PRODUCT_BUNDLE_IDENTIFIER = "Zena.Actions-and-Outlets-PracticeUITests";
				PRODUCT_NAME = "$(TARGET_NAME)";
				SWIFT_VERSION = 5.0;
				TARGETED_DEVICE_FAMILY = "1,2";
				TEST_TARGET_NAME = "Actions and Outlets Practice";
			};
			name = Release;
		};
/* End XCBuildConfiguration section */

/* Begin XCConfigurationList section */
		18D0E3FD22FC90B800CBA2A1 /* Build configuration list for PBXProject "Actions and Outlets Practice" */ = {
			isa = XCConfigurationList;
			buildConfigurations = (
				18D0E42822FC90B900CBA2A1 /* Debug */,
				18D0E42922FC90B900CBA2A1 /* Release */,
			);
			defaultConfigurationIsVisible = 0;
			defaultConfigurationName = Release;
		};
		18D0E42A22FC90B900CBA2A1 /* Build configuration list for PBXNativeTarget "Actions and Outlets Practice" */ = {
			isa = XCConfigurationList;
			buildConfigurations = (
				18D0E42B22FC90B900CBA2A1 /* Debug */,
				18D0E42C22FC90B900CBA2A1 /* Release */,
			);
			defaultConfigurationIsVisible = 0;
			defaultConfigurationName = Release;
		};
		18D0E42D22FC90B900CBA2A1 /* Build configuration list for PBXNativeTarget "Actions and Outlets PracticeTests" */ = {
			isa = XCConfigurationList;
			buildConfigurations = (
				18D0E42E22FC90B900CBA2A1 /* Debug */,
				18D0E42F22FC90B900CBA2A1 /* Release */,
			);
			defaultConfigurationIsVisible = 0;
			defaultConfigurationName = Release;
		};
		18D0E43022FC90B900CBA2A1 /* Build configuration list for PBXNativeTarget "Actions and Outlets PracticeUITests" */ = {
			isa = XCConfigurationList;
			buildConfigurations = (
				18D0E43122FC90B900CBA2A1 /* Debug */,
				18D0E43222FC90B900CBA2A1 /* Release */,
			);
			defaultConfigurationIsVisible = 0;
			defaultConfigurationName = Release;
		};
/* End XCConfigurationList section */
	};
	rootObject = 18D0E3FA22FC90B800CBA2A1 /* Project object */;
}
